{
  "name": "calculator",
  "lockfileVersion": 2,
  "requires": true,
  "packages": {
    "": {
      "devDependencies": {
        "typescript": "^4.4.0-dev.20210622"
      }
    },
    "node_modules/typescript": {
      "version": "4.4.0-dev.20210622",
      "resolved": "https://registry.npmjs.org/typescript/-/typescript-4.4.0-dev.20210622.tgz",
      "integrity": "sha512-kT0baBQag0PVrvpC1NWpL4/kg9zKL51KN0DKyymK+pZX3hdJRYM/CnMndEZufzBYz6Axz4xwlc50/pl7PO+KpA==",
      "dev": true,
      "bin": {
        "tsc": "bin/tsc",
        "tsserver": "bin/tsserver"
      },
      "engines": {
        "node": ">=4.2.0"
      }
    }
  },
  "dependencies": {
    "typescript": {
      "version": "4.4.0-dev.20210622",
      "resolved": "https://registry.npmjs.org/typescript/-/typescript-4.4.0-dev.20210622.tgz",
      "integrity": "sha512-kT0baBQag0PVrvpC1NWpL4/kg9zKL51KN0DKyymK+pZX3hdJRYM/CnMndEZufzBYz6Axz4xwlc50/pl7PO+KpA==",
      "dev": true
    }
  }
}
